
Microsoft Visual Studio Solution File, Format Version 12.00
# Visual Studio Version 16
VisualStudioVersion = 16.0.32630.194
MinimumVisualStudioVersion = 10.0.40219.1
Project("{FAE04EC0-301F-11D3-BF4B-00C04F79EFBC}") = "Assignment 1", "Assignment 1\Assignment 1.csproj", "{443594DB-CFAE-438C-9591-1BC9E44C846D}"
EndProject
Global
	GlobalSection(SolutionConfigurationPlatforms) = preSolution
		Debug|Any CPU = Debug|Any CPU
		Release|Any CPU = Release|Any CPU
	EndGlobalSection
	GlobalSection(ProjectConfigurationPlatforms) = postSolution
		{443594DB-CFAE-438C-9591-1BC9E44C846D}.Debug|Any CPU.ActiveCfg = Debug|Any CPU
		{443594DB-CFAE-438C-9591-1BC9E44C846D}.Debug|Any CPU.Build.0 = Debug|Any CPU
		{443594DB-CFAE-438C-9591-1BC9E44C846D}.Release|Any CPU.ActiveCfg = Release|Any CPU
		{443594DB-CFAE-438C-9591-1BC9E44C846D}.Release|Any CPU.Build.0 = Release|Any CPU
	EndGlobalSection
	GlobalSection(SolutionProperties) = preSolution
		HideSolutionNode = FALSE
	EndGlobalSection
	GlobalSection(ExtensibilityGlobals) = postSolution
		SolutionGuid = {1005EF7D-CBA5-4A0D-9282-65623418CBD3}
	EndGlobalSection
EndGlobal
